
Microsoft Visual Studio Solution File, Format Version 11.00
# Visual Studio 2010
Project("{FAE04EC0-301F-11D3-BF4B-00C04F79EFBC}") = "SLua", "SLua.csproj", "{93603B70-6CB4-4680-877C-AE6EE6F96246}"
EndProject
Project("{FAE04EC0-301F-11D3-BF4B-00C04F79EFBC}") = "SLuaEditor", "SLuaEditor.csproj", "{C19E0A7B-331B-426A-A827-0E253A36F7BB}"
EndProject
Global
	GlobalSection(SolutionConfigurationPlatforms) = preSolution
		Debug|Any CPU = Debug|Any CPU
		Release|Any CPU = Release|Any CPU
	EndGlobalSection
	GlobalSection(ProjectConfigurationPlatforms) = postSolution
		{93603B70-6CB4-4680-877C-AE6EE6F96246}.Debug|Any CPU.ActiveCfg = Debug|Any CPU
		{93603B70-6CB4-4680-877C-AE6EE6F96246}.Debug|Any CPU.Build.0 = Debug|Any CPU
		{93603B70-6CB4-4680-877C-AE6EE6F96246}.Release|Any CPU.ActiveCfg = Release|Any CPU
		{93603B70-6CB4-4680-877C-AE6EE6F96246}.Release|Any CPU.Build.0 = Release|Any CPU
		{C19E0A7B-331B-426A-A827-0E253A36F7BB}.Debug|Any CPU.ActiveCfg = Debug|Any CPU
		{C19E0A7B-331B-426A-A827-0E253A36F7BB}.Debug|Any CPU.Build.0 = Debug|Any CPU
		{C19E0A7B-331B-426A-A827-0E253A36F7BB}.Release|Any CPU.ActiveCfg = Release|Any CPU
		{C19E0A7B-331B-426A-A827-0E253A36F7BB}.Release|Any CPU.Build.0 = Release|Any CPU
	EndGlobalSection
	GlobalSection(MonoDevelopProperties) = preSolution
		StartupItem = SLua.csproj
	EndGlobalSection
EndGlobal
